
Microsoft Visual Studio Solution File, Format Version 12.00
# Visual Studio Version 16
VisualStudioVersion = 16.0.31321.278
MinimumVisualStudioVersion = 10.0.40219.1
Project("{8BC9CEB8-8B4A-11D0-8D11-00A0C91BC942}") = "homework1", "homework1.vcxproj", "{5E179D0E-DA1A-41B8-A27B-21BC341C4462}"
EndProject
Global
	GlobalSection(SolutionConfigurationPlatforms) = preSolution
		Debug|x64 = Debug|x64
		Debug|x86 = Debug|x86
		Release|x64 = Release|x64
		Release|x86 = Release|x86
	EndGlobalSection
	GlobalSection(ProjectConfigurationPlatforms) = postSolution
		{5E179D0E-DA1A-41B8-A27B-21BC341C4462}.Debug|x64.ActiveCfg = Debug|x64
		{5E179D0E-DA1A-41B8-A27B-21BC341C4462}.Debug|x64.Build.0 = Debug|x64
		{5E179D0E-DA1A-41B8-A27B-21BC341C4462}.Debug|x86.ActiveCfg = Debug|Win32
		{5E179D0E-DA1A-41B8-A27B-21BC341C4462}.Debug|x86.Build.0 = Debug|Win32
		{5E179D0E-DA1A-41B8-A27B-21BC341C4462}.Release|x64.ActiveCfg = Release|x64
		{5E179D0E-DA1A-41B8-A27B-21BC341C4462}.Release|x64.Build.0 = Release|x64
		{5E179D0E-DA1A-41B8-A27B-21BC341C4462}.Release|x86.ActiveCfg = Release|Win32
		{5E179D0E-DA1A-41B8-A27B-21BC341C4462}.Release|x86.Build.0 = Release|Win32
	EndGlobalSection
	GlobalSection(SolutionProperties) = preSolution
		HideSolutionNode = FALSE
	EndGlobalSection
	GlobalSection(ExtensibilityGlobals) = postSolution
		SolutionGuid = {E4313BB9-5B3E-4A64-B027-6B02B7076408}
	EndGlobalSection
EndGlobal
